// !$*UTF8*$!
{
	archiveVersion = 1;
	classes = {
	};
	objectVersion = 56;
	objects = {

/* Begin PBXBuildFile section */
		4EBEEB472B1DCB9500F710A0 /* AppDelegate.m in Sources */ = {isa = PBXBuildFile; fileRef = 4EBEEB462B1DCB9500F710A0 /* AppDelegate.m */; };
		4EBEEB4A2B1DCB9500F710A0 /* SceneDelegate.m in Sources */ = {isa = PBXBuildFile; fileRef = 4EBEEB492B1DCB9500F710A0 /* SceneDelegate.m */; };
		4EBEEB4D2B1DCB9500F710A0 /* ViewController.m in Sources */ = {isa = PBXBuildFile; fileRef = 4EBEEB4C2B1DCB9500F710A0 /* ViewController.m */; };
		4EBEEB502B1DCB9500F710A0 /* Main.storyboard in Resources */ = {isa = PBXBuildFile; fileRef = 4EBEEB4E2B1DCB9500F710A0 /* Main.storyboard */; };
		4EBEEB522B1DCB9600F710A0 /* Assets.xcassets in Resources */ = {isa = PBXBuildFile; fileRef = 4EBEEB512B1DCB9600F710A0 /* Assets.xcassets */; };
		4EBEEB552B1DCB9600F710A0 /* LaunchScreen.storyboard in Resources */ = {isa = PBXBuildFile; fileRef = 4EBEEB532B1DCB9600F710A0 /* LaunchScreen.storyboard */; };
		4EBEEB582B1DCB9600F710A0 /* main.m in Sources */ = {isa = PBXBuildFile; fileRef = 4EBEEB572B1DCB9600F710A0 /* main.m */; };
/* End PBXBuildFile section */

/* Begin PBXFileReference section */
		4EBEEB422B1DCB9500F710A0 /* GameToolSDKDemo.app */ = {isa = PBXFileReference; explicitFileType = wrapper.application; includeInIndex = 0; path = GameToolSDKDemo.app; sourceTree = BUILT_PRODUCTS_DIR; };
		4EBEEB452B1DCB9500F710A0 /* AppDelegate.h */ = {isa = PBXFileReference; lastKnownFileType = sourcecode.c.h; path = AppDelegate.h; sourceTree = "<group>"; };
		4EBEEB462B1DCB9500F710A0 /* AppDelegate.m */ = {isa = PBXFileReference; lastKnownFileType = sourcecode.c.objc; path = AppDelegate.m; sourceTree = "<group>"; };
		4EBEEB482B1DCB9500F710A0 /* SceneDelegate.h */ = {isa = PBXFileReference; lastKnownFileType = sourcecode.c.h; path = SceneDelegate.h; sourceTree = "<group>"; };
		4EBEEB492B1DCB9500F710A0 /* SceneDelegate.m */ = {isa = PBXFileReference; lastKnownFileType = sourcecode.c.objc; path = SceneDelegate.m; sourceTree = "<group>"; };
		4EBEEB4B2B1DCB9500F710A0 /* ViewController.h */ = {isa = PBXFileReference; lastKnownFileType = sourcecode.c.h; path = ViewController.h; sourceTree = "<group>"; };
		4EBEEB4C2B1DCB9500F710A0 /* ViewController.m */ = {isa = PBXFileReference; lastKnownFileType = sourcecode.c.objc; path = ViewController.m; sourceTree = "<group>"; };
		4EBEEB4F2B1DCB9500F710A0 /* Base */ = {isa = PBXFileReference; lastKnownFileType = file.storyboard; name = Base; path = Base.lproj/Main.storyboard; sourceTree = "<group>"; };
		4EBEEB512B1DCB9600F710A0 /* Assets.xcassets */ = {isa = PBXFileReference; lastKnownFileType = folder.assetcatalog; path = Assets.xcassets; sourceTree = "<group>"; };
		4EBEEB542B1DCB9600F710A0 /* Base */ = {isa = PBXFileReference; lastKnownFileType = file.storyboard; name = Base; path = Base.lproj/LaunchScreen.storyboard; sourceTree = "<group>"; };
		4EBEEB562B1DCB9600F710A0 /* Info.plist */ = {isa = PBXFileReference; lastKnownFileType = text.plist.xml; path = Info.plist; sourceTree = "<group>"; };
		4EBEEB572B1DCB9600F710A0 /* main.m */ = {isa = PBXFileReference; lastKnownFileType = sourcecode.c.objc; path = main.m; sourceTree = "<group>"; };
/* End PBXFileReference section */

/* Begin PBXFrameworksBuildPhase section */
		4EBEEB3F2B1DCB9500F710A0 /* Frameworks */ = {
			isa = PBXFrameworksBuildPhase;
			buildActionMask = 2147483647;
			files = (
			);
			runOnlyForDeploymentPostprocessing = 0;
		};
/* End PBXFrameworksBuildPhase section */

/* Begin PBXGroup section */
		4EBEEB392B1DCB9500F710A0 = {
			isa = PBXGroup;
			children = (
				4EBEEB442B1DCB9500F710A0 /* GameToolSDKDemo */,
				4EBEEB432B1DCB9500F710A0 /* Products */,
			);
			sourceTree = "<group>";
		};
		4EBEEB432B1DCB9500F710A0 /* Products */ = {
			isa = PBXGroup;
			children = (
				4EBEEB422B1DCB9500F710A0 /* GameToolSDKDemo.app */,
			);
			name = Products;
			sourceTree = "<group>";
		};
		4EBEEB442B1DCB9500F710A0 /* GameToolSDKDemo */ = {
			isa = PBXGroup;
			children = (
				4EBEEB452B1DCB9500F710A0 /* AppDelegate.h */,
				4EBEEB462B1DCB9500F710A0 /* AppDelegate.m */,
				4EBEEB482B1DCB9500F710A0 /* SceneDelegate.h */,
				4EBEEB492B1DCB9500F710A0 /* SceneDelegate.m */,
				4EBEEB4B2B1DCB9500F710A0 /* ViewController.h */,
				4EBEEB4C2B1DCB9500F710A0 /* ViewController.m */,
				4EBEEB4E2B1DCB9500F710A0 /* Main.storyboard */,
				4EBEEB512B1DCB9600F710A0 /* Assets.xcassets */,
				4EBEEB532B1DCB9600F710A0 /* LaunchScreen.storyboard */,
				4EBEEB562B1DCB9600F710A0 /* Info.plist */,
				4EBEEB572B1DCB9600F710A0 /* main.m */,
			);
			path = GameToolSDKDemo;
			sourceTree = "<group>";
		};
/* End PBXGroup section */

/* Begin PBXNativeTarget section */
		4EBEEB412B1DCB9500F710A0 /* GameToolSDKDemo */ = {
			isa = PBXNativeTarget;
			buildConfigurationList = 4EBEEB5B2B1DCB9600F710A0 /* Build configuration list for PBXNativeTarget "GameToolSDKDemo" */;
			buildPhases = (
				4EBEEB3E2B1DCB9500F710A0 /* Sources */,
				4EBEEB3F2B1DCB9500F710A0 /* Frameworks */,
				4EBEEB402B1DCB9500F710A0 /* Resources */,
			);
			buildRules = (
			);
			dependencies = (
			);
			name = GameToolSDKDemo;
			productName = GameToolSDKDemo;
			productReference = 4EBEEB422B1DCB9500F710A0 /* GameToolSDKDemo.app */;
			productType = "com.apple.product-type.application";
		};
/* End PBXNativeTarget section */

/* Begin PBXProject section */
		4EBEEB3A2B1DCB9500F710A0 /* Project object */ = {
			isa = PBXProject;
			attributes = {
				BuildIndependentTargetsInParallel = 1;
				LastUpgradeCheck = 1430;
				TargetAttributes = {
					4EBEEB412B1DCB9500F710A0 = {
						CreatedOnToolsVersion = 14.3.1;
					};
				};
			};
			buildConfigurationList = 4EBEEB3D2B1DCB9500F710A0 /* Build configuration list for PBXProject "GameToolSDKDemo" */;
			compatibilityVersion = "Xcode 14.0";
			developmentRegion = en;
			hasScannedForEncodings = 0;
			knownRegions = (
				en,
				Base,
			);
			mainGroup = 4EBEEB392B1DCB9500F710A0;
			productRefGroup = 4EBEEB432B1DCB9500F710A0 /* Products */;
			projectDirPath = "";
			projectRoot = "";
			targets = (
				4EBEEB412B1DCB9500F710A0 /* GameToolSDKDemo */,
			);
		};
/* End PBXProject section */

/* Begin PBXResourcesBuildPhase section */
		4EBEEB402B1DCB9500F710A0 /* Resources */ = {
			isa = PBXResourcesBuildPhase;
			buildActionMask = 2147483647;
			files = (
				4EBEEB552B1DCB9600F710A0 /* LaunchScreen.storyboard in Resources */,
				4EBEEB522B1DCB9600F710A0 /* Assets.xcassets in Resources */,
				4EBEEB502B1DCB9500F710A0 /* Main.storyboard in Resources */,
			);
			runOnlyForDeploymentPostprocessing = 0;
		};
/* End PBXResourcesBuildPhase section */

/* Begin PBXSourcesBuildPhase section */
		4EBEEB3E2B1DCB9500F710A0 /* Sources */ = {
			isa = PBXSourcesBuildPhase;
			buildActionMask = 2147483647;
			files = (
				4EBEEB4D2B1DCB9500F710A0 /* ViewController.m in Sources */,
				4EBEEB472B1DCB9500F710A0 /* AppDelegate.m in Sources */,
				4EBEEB582B1DCB9600F710A0 /* main.m in Sources */,
				4EBEEB4A2B1DCB9500F710A0 /* SceneDelegate.m in Sources */,
			);
			runOnlyForDeploymentPostprocessing = 0;
		};
/* End PBXSourcesBuildPhase section */

/* Begin PBXVariantGroup section */
		4EBEEB4E2B1DCB9500F710A0 /* Main.storyboard */ = {
			isa = PBXVariantGroup;
			children = (
				4EBEEB4F2B1DCB9500F710A0 /* Base */,
			);
			name = Main.storyboard;
			sourceTree = "<group>";
		};
		4EBEEB532B1DCB9600F710A0 /* LaunchScreen.storyboard */ = {
			isa = PBXVariantGroup;
			children = (
				4EBEEB542B1DCB9600F710A0 /* Base */,
			);
			name = LaunchScreen.storyboard;
			sourceTree = "<group>";
		};
/* End PBXVariantGroup section */

/* Begin XCBuildConfiguration section */
		4EBEEB592B1DCB9600F710A0 /* Debug */ = {
			isa = XCBuildConfiguration;
			buildSettings = {
				ALWAYS_SEARCH_USER_PATHS = NO;
				CLANG_ANALYZER_NONNULL = YES;
				CLANG_ANALYZER_NUMBER_OBJECT_CONVERSION = YES_AGGRESSIVE;
				CLANG_CXX_LANGUAGE_STANDARD = "gnu++20";
				CLANG_ENABLE_MODULES = YES;
				CLANG_ENABLE_OBJC_ARC = YES;
				CLANG_ENABLE_OBJC_WEAK = YES;
				CLANG_WARN_BLOCK_CAPTURE_AUTORELEASING = YES;
				CLANG_WARN_BOOL_CONVERSION = YES;
				CLANG_WARN_COMMA = YES;
				CLANG_WARN_CONSTANT_CONVERSION = YES;
				CLANG_WARN_DEPRECATED_OBJC_IMPLEMENTATIONS = YES;
				CLANG_WARN_DIRECT_OBJC_ISA_USAGE = YES_ERROR;
				CLANG_WARN_DOCUMENTATION_COMMENTS = YES;
				CLANG_WARN_EMPTY_BODY = YES;
				CLANG_WARN_ENUM_CONVERSION = YES;
				CLANG_WARN_INFINITE_RECURSION = YES;
				CLANG_WARN_INT_CONVERSION = YES;
				CLANG_WARN_NON_LITERAL_NULL_CONVERSION = YES;
				CLANG_WARN_OBJC_IMPLICIT_RETAIN_SELF = YES;
				CLANG_WARN_OBJC_LITERAL_CONVERSION = YES;
				CLANG_WARN_OBJC_ROOT_CLASS = YES_ERROR;
				CLANG_WARN_QUOTED_INCLUDE_IN_FRAMEWORK_HEADER = YES;
				CLANG_WARN_RANGE_LOOP_ANALYSIS = YES;
				CLANG_WARN_STRICT_PROTOTYPES = YES;
				CLANG_WARN_SUSPICIOUS_MOVE = YES;
				CLANG_WARN_UNGUARDED_AVAILABILITY = YES_AGGRESSIVE;
				CLANG_WARN_UNREACHABLE_CODE = YES;
				CLANG_WARN__DUPLICATE_METHOD_MATCH = YES;
				COPY_PHASE_STRIP = NO;
				DEBUG_INFORMATION_FORMAT = dwarf;
				ENABLE_STRICT_OBJC_MSGSEND = YES;
				ENABLE_TESTABILITY = YES;
				GCC_C_LANGUAGE_STANDARD = gnu11;
				GCC_DYNAMIC_NO_PIC = NO;
				GCC_NO_COMMON_BLOCKS = YES;
				GCC_OPTIMIZATION_LEVEL = 0;
				GCC_PREPROCESSOR_DEFINITIONS = (
					"DEBUG=1",
					"$(inherited)",
				);
				GCC_WARN_64_TO_32_BIT_CONVERSION = YES;
				GCC_WARN_ABOUT_RETURN_TYPE = YES_ERROR;
				GCC_WARN_UNDECLARED_SELECTOR = YES;
				GCC_WARN_UNINITIALIZED_AUTOS = YES_AGGRESSIVE;
				GCC_WARN_UNUSED_FUNCTION = YES;
				GCC_WARN_UNUSED_VARIABLE = YES;
				IPHONEOS_DEPLOYMENT_TARGET = 16.4;
				MTL_ENABLE_DEBUG_INFO = INCLUDE_SOURCE;
				MTL_FAST_MATH = YES;
				ONLY_ACTIVE_ARCH = YES;
				SDKROOT = iphoneos;
			};
			name = Debug;
		};
		4EBEEB5A2B1DCB9600F710A0 /* Release */ = {
			isa = XCBuildConfiguration;
			buildSettings = {
				ALWAYS_SEARCH_USER_PATHS = NO;
				CLANG_ANALYZER_NONNULL = YES;
				CLANG_ANALYZER_NUMBER_OBJECT_CONVERSION = YES_AGGRESSIVE;
				CLANG_CXX_LANGUAGE_STANDARD = "gnu++20";
				CLANG_ENABLE_MODULES = YES;
				CLANG_ENABLE_OBJC_ARC = YES;
				CLANG_ENABLE_OBJC_WEAK = YES;
				CLANG_WARN_BLOCK_CAPTURE_AUTORELEASING = YES;
				CLANG_WARN_BOOL_CONVERSION = YES;
				CLANG_WARN_COMMA = YES;
				CLANG_WARN_CONSTANT_CONVERSION = YES;
				CLANG_WARN_DEPRECATED_OBJC_IMPLEMENTATIONS = YES;
				CLANG_WARN_DIRECT_OBJC_ISA_USAGE = YES_ERROR;
				CLANG_WARN_DOCUMENTATION_COMMENTS = YES;
				CLANG_WARN_EMPTY_BODY = YES;
				CLANG_WARN_ENUM_CONVERSION = YES;
				CLANG_WARN_INFINITE_RECURSION = YES;
				CLANG_WARN_INT_CONVERSION = YES;
				CLANG_WARN_NON_LITERAL_NULL_CONVERSION = YES;
				CLANG_WARN_OBJC_IMPLICIT_RETAIN_SELF = YES;
				CLANG_WARN_OBJC_LITERAL_CONVERSION = YES;
				CLANG_WARN_OBJC_ROOT_CLASS = YES_ERROR;
				CLANG_WARN_QUOTED_INCLUDE_IN_FRAMEWORK_HEADER = YES;
				CLANG_WARN_RANGE_LOOP_ANALYSIS = YES;
				CLANG_WARN_STRICT_PROTOTYPES = YES;
				CLANG_WARN_SUSPICIOUS_MOVE = YES;
				CLANG_WARN_UNGUARDED_AVAILABILITY = YES_AGGRESSIVE;
				CLANG_WARN_UNREACHABLE_CODE = YES;
				CLANG_WARN__DUPLICATE_METHOD_MATCH = YES;
				COPY_PHASE_STRIP = NO;
				DEBUG_INFORMATION_FORMAT = "dwarf-with-dsym";
				ENABLE_NS_ASSERTIONS = NO;
				ENABLE_STRICT_OBJC_MSGSEND = YES;
				GCC_C_LANGUAGE_STANDARD = gnu11;
				GCC_NO_COMMON_BLOCKS = YES;
				GCC_WARN_64_TO_32_BIT_CONVERSION = YES;
				GCC_WARN_ABOUT_RETURN_TYPE = YES_ERROR;
				GCC_WARN_UNDECLARED_SELECTOR = YES;
				GCC_WARN_UNINITIALIZED_AUTOS = YES_AGGRESSIVE;
				GCC_WARN_UNUSED_FUNCTION = YES;
				GCC_WARN_UNUSED_VARIABLE = YES;
				IPHONEOS_DEPLOYMENT_TARGET = 16.4;
				MTL_ENABLE_DEBUG_INFO = NO;
				MTL_FAST_MATH = YES;
				SDKROOT = iphoneos;
				VALIDATE_PRODUCT = YES;
			};
			name = Release;
		};
		4EBEEB5C2B1DCB9600F710A0 /* Debug */ = {
			isa = XCBuildConfiguration;
			buildSettings = {
				ASSETCATALOG_COMPILER_APPICON_NAME = AppIcon;
				ASSETCATALOG_COMPILER_GLOBAL_ACCENT_COLOR_NAME = AccentColor;
				CODE_SIGN_STYLE = Automatic;
				CURRENT_PROJECT_VERSION = 1;
				DEVELOPMENT_TEAM = 2YZT35392G;
				GENERATE_INFOPLIST_FILE = YES;
				INFOPLIST_FILE = GameToolSDKDemo/Info.plist;
				INFOPLIST_KEY_UIApplicationSupportsIndirectInputEvents = YES;
				INFOPLIST_KEY_UILaunchStoryboardName = LaunchScreen;
				INFOPLIST_KEY_UIMainStoryboardFile = Main;
				INFOPLIST_KEY_UISupportedInterfaceOrientations_iPad = "UIInterfaceOrientationPortrait UIInterfaceOrientationPortraitUpsideDown UIInterfaceOrientationLandscapeLeft UIInterfaceOrientationLandscapeRight";
				INFOPLIST_KEY_UISupportedInterfaceOrientations_iPhone = "UIInterfaceOrientationPortrait UIInterfaceOrientationLandscapeLeft UIInterfaceOrientationLandscapeRight";
				LD_RUNPATH_SEARCH_PATHS = (
					"$(inherited)",
					"@executable_path/Frameworks",
				);
				MARKETING_VERSION = 1.0;
				PRODUCT_BUNDLE_IDENTIFIER = shangmi.com.GameToolSDKDemo;
				PRODUCT_NAME = "$(TARGET_NAME)";
				SWIFT_EMIT_LOC_STRINGS = YES;
				TARGETED_DEVICE_FAMILY = "1,2";
			};
			name = Debug;
		};
		4EBEEB5D2B1DCB9600F710A0 /* Release */ = {
			isa = XCBuildConfiguration;
			buildSettings = {
				ASSETCATALOG_COMPILER_APPICON_NAME = AppIcon;
				ASSETCATALOG_COMPILER_GLOBAL_ACCENT_COLOR_NAME = AccentColor;
				CODE_SIGN_STYLE = Automatic;
				CURRENT_PROJECT_VERSION = 1;
				DEVELOPMENT_TEAM = 2YZT35392G;
				GENERATE_INFOPLIST_FILE = YES;
				INFOPLIST_FILE = GameToolSDKDemo/Info.plist;
				INFOPLIST_KEY_UIApplicationSupportsIndirectInputEvents = YES;
				INFOPLIST_KEY_UILaunchStoryboardName = LaunchScreen;
				INFOPLIST_KEY_UIMainStoryboardFile = Main;
				INFOPLIST_KEY_UISupportedInterfaceOrientations_iPad = "UIInterfaceOrientationPortrait UIInterfaceOrientationPortraitUpsideDown UIInterfaceOrientationLandscapeLeft UIInterfaceOrientationLandscapeRight";
				INFOPLIST_KEY_UISupportedInterfaceOrientations_iPhone = "UIInterfaceOrientationPortrait UIInterfaceOrientationLandscapeLeft UIInterfaceOrientationLandscapeRight";
				LD_RUNPATH_SEARCH_PATHS = (
					"$(inherited)",
					"@executable_path/Frameworks",
				);
				MARKETING_VERSION = 1.0;
				PRODUCT_BUNDLE_IDENTIFIER = shangmi.com.GameToolSDKDemo;
				PRODUCT_NAME = "$(TARGET_NAME)";
				SWIFT_EMIT_LOC_STRINGS = YES;
				TARGETED_DEVICE_FAMILY = "1,2";
			};
			name = Release;
		};
/* End XCBuildConfiguration section */

/* Begin XCConfigurationList section */
		4EBEEB3D2B1DCB9500F710A0 /* Build configuration list for PBXProject "GameToolSDKDemo" */ = {
			isa = XCConfigurationList;
			buildConfigurations = (
				4EBEEB592B1DCB9600F710A0 /* Debug */,
				4EBEEB5A2B1DCB9600F710A0 /* Release */,
			);
			defaultConfigurationIsVisible = 0;
			defaultConfigurationName = Release;
		};
		4EBEEB5B2B1DCB9600F710A0 /* Build configuration list for PBXNativeTarget "GameToolSDKDemo" */ = {
			isa = XCConfigurationList;
			buildConfigurations = (
				4EBEEB5C2B1DCB9600F710A0 /* Debug */,
				4EBEEB5D2B1DCB9600F710A0 /* Release */,
			);
			defaultConfigurationIsVisible = 0;
			defaultConfigurationName = Release;
		};
/* End XCConfigurationList section */
	};
	rootObject = 4EBEEB3A2B1DCB9500F710A0 /* Project object */;
}
